
Microsoft Visual Studio Solution File, Format Version 12.00
# Visual Studio Version 17
VisualStudioVersion = 17.0.31903.59
MinimumVisualStudioVersion = 10.0.40219.1
Project("{FAE04EC0-301F-11D3-BF4B-00C04F79EFBC}") = "RetailCRMCore", "RetailCRMCore.csproj", "{EB9CEE41-2F39-495A-A262-4F90BA80DCDD}"
EndProject
Global
	GlobalSection(SolutionConfigurationPlatforms) = preSolution
		Debug|Any CPU = Debug|Any CPU
		Release|Any CPU = Release|Any CPU
	EndGlobalSection
	GlobalSection(ProjectConfigurationPlatforms) = postSolution
		{EB9CEE41-2F39-495A-A262-4F90BA80DCDD}.Debug|Any CPU.ActiveCfg = Debug|Any CPU
		{EB9CEE41-2F39-495A-A262-4F90BA80DCDD}.Debug|Any CPU.Build.0 = Debug|Any CPU
		{EB9CEE41-2F39-495A-A262-4F90BA80DCDD}.Release|Any CPU.ActiveCfg = Release|Any CPU
		{EB9CEE41-2F39-495A-A262-4F90BA80DCDD}.Release|Any CPU.Build.0 = Release|Any CPU
	EndGlobalSection
	GlobalSection(SolutionProperties) = preSolution
		HideSolutionNode = FALSE
	EndGlobalSection
	GlobalSection(ExtensibilityGlobals) = postSolution
		SolutionGuid = {1E935B43-7124-421D-BAB9-9AA65E62D835}
	EndGlobalSection
EndGlobal
